
Microsoft Visual Studio Solution File, Format Version 12.00
# Visual Studio Version 16
VisualStudioVersion = 16.0.31005.135
MinimumVisualStudioVersion = 10.0.40219.1
Project("{FAE04EC0-301F-11D3-BF4B-00C04F79EFBC}") = "NetRemotingCommon", "NetRemotingCommon.csproj", "{872E6CA7-219A-4B23-8D7C-F7C022FF705F}"
EndProject
Global
	GlobalSection(SolutionConfigurationPlatforms) = preSolution
		Debug|Any CPU = Debug|Any CPU
		Release|Any CPU = Release|Any CPU
	EndGlobalSection
	GlobalSection(ProjectConfigurationPlatforms) = postSolution
		{872E6CA7-219A-4B23-8D7C-F7C022FF705F}.Debug|Any CPU.ActiveCfg = Debug|Any CPU
		{872E6CA7-219A-4B23-8D7C-F7C022FF705F}.Debug|Any CPU.Build.0 = Debug|Any CPU
		{872E6CA7-219A-4B23-8D7C-F7C022FF705F}.Release|Any CPU.ActiveCfg = Release|Any CPU
		{872E6CA7-219A-4B23-8D7C-F7C022FF705F}.Release|Any CPU.Build.0 = Release|Any CPU
	EndGlobalSection
	GlobalSection(SolutionProperties) = preSolution
		HideSolutionNode = FALSE
	EndGlobalSection
	GlobalSection(ExtensibilityGlobals) = postSolution
		SolutionGuid = {21B7DD75-6C71-444C-BC79-F39A4163B4FC}
	EndGlobalSection
EndGlobal
